
Microsoft Visual Studio Solution File, Format Version 12.00
# Visual Studio Version 16
VisualStudioVersion = 16.0.29709.97
MinimumVisualStudioVersion = 10.0.40219.1
Project("{FAE04EC0-301F-11D3-BF4B-00C04F79EFBC}") = "RealTimeCPU", "RealTimeCPU\RealTimeCPU.csproj", "{62BC939A-C04E-4019-8AC1-1EB17A8646ED}"
EndProject
Project("{FAE04EC0-301F-11D3-BF4B-00C04F79EFBC}") = "CpuInfoClient", "CpuInfoClient\CpuInfoClient.csproj", "{459A9DB8-6572-4442-BDE4-7158936426BB}"
EndProject
Project("{9A19103F-16F7-4668-BE54-9A1E7A4F7556}") = "RealTimeMonitor", "RealTimeMonitor\RealTimeMonitor.csproj", "{3E66B54B-226F-4925-BFD3-177EA92A4117}"
EndProject
Project("{9A19103F-16F7-4668-BE54-9A1E7A4F7556}") = "WinClientRealTimeMonitor", "WinClientRealTimeMonitor\WinClientRealTimeMonitor.csproj", "{EE20CD34-7F32-4EAC-975F-1518CF2D72EB}"
EndProject
Project("{8BC9CEB8-8B4A-11D0-8D11-00A0C91BC942}") = "RTKLib", "RTKLib\src.vcxproj", "{C05C85CE-E6C3-317F-A9BB-D0F8039FEB94}"
EndProject
Project("{2150E333-8FDC-42A3-9474-1A3956D46DE8}") = "Solution Items", "Solution Items", "{9A90132A-C33C-40D6-83CB-3C6363F7D025}"
	ProjectSection(SolutionItems) = preProject
		.editorconfig = .editorconfig
		x64\Debug\RTKFunc.dll = x64\Debug\RTKFunc.dll
		x64\Debug\RTKLibAdapter.dll = x64\Debug\RTKLibAdapter.dll
	EndProjectSection
EndProject
Project("{8BC9CEB8-8B4A-11D0-8D11-00A0C91BC942}") = "RTK_NAVI", "..\RTK_NAVI\RTK_NAVI\RTK_NAVI.vcxproj", "{62D7A408-7347-4A51-AB27-6C1D898D5DE2}"
EndProject
Project("{8BC9CEB8-8B4A-11D0-8D11-00A0C91BC942}") = "RTKFunc", "RTKFunc\RTKFunc.vcxproj", "{6AC20822-3F68-4A82-9D31-7A78E68E1E51}"
EndProject
Project("{8BC9CEB8-8B4A-11D0-8D11-00A0C91BC942}") = "RTKLibAdapter", "RTKLibAdapter\RTKLibAdapter.vcxproj", "{B1BABD07-D062-4970-9CFC-D5DBCFA65C27}"
EndProject
Global
	GlobalSection(SolutionConfigurationPlatforms) = preSolution
		Debug|Any CPU = Debug|Any CPU
		Debug|x64 = Debug|x64
		Debug|x86 = Debug|x86
		Release|Any CPU = Release|Any CPU
		Release|x64 = Release|x64
		Release|x86 = Release|x86
	EndGlobalSection
	GlobalSection(ProjectConfigurationPlatforms) = postSolution
		{62BC939A-C04E-4019-8AC1-1EB17A8646ED}.Debug|Any CPU.ActiveCfg = Debug|Any CPU
		{62BC939A-C04E-4019-8AC1-1EB17A8646ED}.Debug|x64.ActiveCfg = Debug|Any CPU
		{62BC939A-C04E-4019-8AC1-1EB17A8646ED}.Debug|x64.Build.0 = Debug|Any CPU
		{62BC939A-C04E-4019-8AC1-1EB17A8646ED}.Debug|x86.ActiveCfg = Debug|Any CPU
		{62BC939A-C04E-4019-8AC1-1EB17A8646ED}.Debug|x86.Build.0 = Debug|Any CPU
		{62BC939A-C04E-4019-8AC1-1EB17A8646ED}.Release|Any CPU.ActiveCfg = Release|Any CPU
		{62BC939A-C04E-4019-8AC1-1EB17A8646ED}.Release|Any CPU.Build.0 = Release|Any CPU
		{62BC939A-C04E-4019-8AC1-1EB17A8646ED}.Release|x64.ActiveCfg = Release|Any CPU
		{62BC939A-C04E-4019-8AC1-1EB17A8646ED}.Release|x64.Build.0 = Release|Any CPU
		{62BC939A-C04E-4019-8AC1-1EB17A8646ED}.Release|x86.ActiveCfg = Release|Any CPU
		{62BC939A-C04E-4019-8AC1-1EB17A8646ED}.Release|x86.Build.0 = Release|Any CPU
		{459A9DB8-6572-4442-BDE4-7158936426BB}.Debug|Any CPU.ActiveCfg = Debug|Any CPU
		{459A9DB8-6572-4442-BDE4-7158936426BB}.Debug|x64.ActiveCfg = Debug|Any CPU
		{459A9DB8-6572-4442-BDE4-7158936426BB}.Debug|x64.Build.0 = Debug|Any CPU
		{459A9DB8-6572-4442-BDE4-7158936426BB}.Debug|x86.ActiveCfg = Debug|Any CPU
		{459A9DB8-6572-4442-BDE4-7158936426BB}.Debug|x86.Build.0 = Debug|Any CPU
		{459A9DB8-6572-4442-BDE4-7158936426BB}.Release|Any CPU.ActiveCfg = Release|Any CPU
		{459A9DB8-6572-4442-BDE4-7158936426BB}.Release|Any CPU.Build.0 = Release|Any CPU
		{459A9DB8-6572-4442-BDE4-7158936426BB}.Release|x64.ActiveCfg = Release|Any CPU
		{459A9DB8-6572-4442-BDE4-7158936426BB}.Release|x64.Build.0 = Release|Any CPU
		{459A9DB8-6572-4442-BDE4-7158936426BB}.Release|x86.ActiveCfg = Release|Any CPU
		{459A9DB8-6572-4442-BDE4-7158936426BB}.Release|x86.Build.0 = Release|Any CPU
		{3E66B54B-226F-4925-BFD3-177EA92A4117}.Debug|Any CPU.ActiveCfg = Debug|Any CPU
		{3E66B54B-226F-4925-BFD3-177EA92A4117}.Debug|Any CPU.Build.0 = Debug|Any CPU
		{3E66B54B-226F-4925-BFD3-177EA92A4117}.Debug|x64.ActiveCfg = Debug|x64
		{3E66B54B-226F-4925-BFD3-177EA92A4117}.Debug|x64.Build.0 = Debug|x64
		{3E66B54B-226F-4925-BFD3-177EA92A4117}.Debug|x86.ActiveCfg = Debug|x64
		{3E66B54B-226F-4925-BFD3-177EA92A4117}.Debug|x86.Build.0 = Debug|x64
		{3E66B54B-226F-4925-BFD3-177EA92A4117}.Release|Any CPU.ActiveCfg = Release|Any CPU
		{3E66B54B-226F-4925-BFD3-177EA92A4117}.Release|Any CPU.Build.0 = Release|Any CPU
		{3E66B54B-226F-4925-BFD3-177EA92A4117}.Release|x64.ActiveCfg = Release|Any CPU
		{3E66B54B-226F-4925-BFD3-177EA92A4117}.Release|x64.Build.0 = Release|Any CPU
		{3E66B54B-226F-4925-BFD3-177EA92A4117}.Release|x86.ActiveCfg = Release|Any CPU
		{3E66B54B-226F-4925-BFD3-177EA92A4117}.Release|x86.Build.0 = Release|Any CPU
		{EE20CD34-7F32-4EAC-975F-1518CF2D72EB}.Debug|Any CPU.ActiveCfg = Debug|Any CPU
		{EE20CD34-7F32-4EAC-975F-1518CF2D72EB}.Debug|x64.ActiveCfg = Debug|Any CPU
		{EE20CD34-7F32-4EAC-975F-1518CF2D72EB}.Debug|x64.Build.0 = Debug|Any CPU
		{EE20CD34-7F32-4EAC-975F-1518CF2D72EB}.Debug|x86.ActiveCfg = Debug|Any CPU
		{EE20CD34-7F32-4EAC-975F-1518CF2D72EB}.Debug|x86.Build.0 = Debug|Any CPU
		{EE20CD34-7F32-4EAC-975F-1518CF2D72EB}.Release|Any CPU.ActiveCfg = Release|Any CPU
		{EE20CD34-7F32-4EAC-975F-1518CF2D72EB}.Release|Any CPU.Build.0 = Release|Any CPU
		{EE20CD34-7F32-4EAC-975F-1518CF2D72EB}.Release|x64.ActiveCfg = Release|Any CPU
		{EE20CD34-7F32-4EAC-975F-1518CF2D72EB}.Release|x64.Build.0 = Release|Any CPU
		{EE20CD34-7F32-4EAC-975F-1518CF2D72EB}.Release|x86.ActiveCfg = Release|Any CPU
		{EE20CD34-7F32-4EAC-975F-1518CF2D72EB}.Release|x86.Build.0 = Release|Any CPU
		{C05C85CE-E6C3-317F-A9BB-D0F8039FEB94}.Debug|Any CPU.ActiveCfg = Debug|x64
		{C05C85CE-E6C3-317F-A9BB-D0F8039FEB94}.Debug|x64.ActiveCfg = Debug|x64
		{C05C85CE-E6C3-317F-A9BB-D0F8039FEB94}.Debug|x64.Build.0 = Debug|x64
		{C05C85CE-E6C3-317F-A9BB-D0F8039FEB94}.Debug|x86.ActiveCfg = Debug|x64
		{C05C85CE-E6C3-317F-A9BB-D0F8039FEB94}.Release|Any CPU.ActiveCfg = Release|x64
		{C05C85CE-E6C3-317F-A9BB-D0F8039FEB94}.Release|x64.ActiveCfg = Release|x64
		{C05C85CE-E6C3-317F-A9BB-D0F8039FEB94}.Release|x64.Build.0 = Release|x64
		{C05C85CE-E6C3-317F-A9BB-D0F8039FEB94}.Release|x86.ActiveCfg = Release|x64
		{62D7A408-7347-4A51-AB27-6C1D898D5DE2}.Debug|Any CPU.ActiveCfg = Debug|Win32
		{62D7A408-7347-4A51-AB27-6C1D898D5DE2}.Debug|x64.ActiveCfg = Debug|x64
		{62D7A408-7347-4A51-AB27-6C1D898D5DE2}.Debug|x64.Build.0 = Debug|x64
		{62D7A408-7347-4A51-AB27-6C1D898D5DE2}.Debug|x86.ActiveCfg = Debug|Win32
		{62D7A408-7347-4A51-AB27-6C1D898D5DE2}.Debug|x86.Build.0 = Debug|Win32
		{62D7A408-7347-4A51-AB27-6C1D898D5DE2}.Release|Any CPU.ActiveCfg = Release|Win32
		{62D7A408-7347-4A51-AB27-6C1D898D5DE2}.Release|x64.ActiveCfg = Release|x64
		{62D7A408-7347-4A51-AB27-6C1D898D5DE2}.Release|x64.Build.0 = Release|x64
		{62D7A408-7347-4A51-AB27-6C1D898D5DE2}.Release|x86.ActiveCfg = Release|Win32
		{62D7A408-7347-4A51-AB27-6C1D898D5DE2}.Release|x86.Build.0 = Release|Win32
		{6AC20822-3F68-4A82-9D31-7A78E68E1E51}.Debug|Any CPU.ActiveCfg = Debug|Win32
		{6AC20822-3F68-4A82-9D31-7A78E68E1E51}.Debug|x64.ActiveCfg = Debug|x64
		{6AC20822-3F68-4A82-9D31-7A78E68E1E51}.Debug|x64.Build.0 = Debug|x64
		{6AC20822-3F68-4A82-9D31-7A78E68E1E51}.Debug|x86.ActiveCfg = Debug|x64
		{6AC20822-3F68-4A82-9D31-7A78E68E1E51}.Debug|x86.Build.0 = Debug|x64
		{6AC20822-3F68-4A82-9D31-7A78E68E1E51}.Release|Any CPU.ActiveCfg = Release|Win32
		{6AC20822-3F68-4A82-9D31-7A78E68E1E51}.Release|x64.ActiveCfg = Release|x64
		{6AC20822-3F68-4A82-9D31-7A78E68E1E51}.Release|x64.Build.0 = Release|x64
		{6AC20822-3F68-4A82-9D31-7A78E68E1E51}.Release|x86.ActiveCfg = Release|Win32
		{6AC20822-3F68-4A82-9D31-7A78E68E1E51}.Release|x86.Build.0 = Release|Win32
		{B1BABD07-D062-4970-9CFC-D5DBCFA65C27}.Debug|Any CPU.ActiveCfg = Debug|Win32
		{B1BABD07-D062-4970-9CFC-D5DBCFA65C27}.Debug|x64.ActiveCfg = Debug|x64
		{B1BABD07-D062-4970-9CFC-D5DBCFA65C27}.Debug|x64.Build.0 = Debug|x64
		{B1BABD07-D062-4970-9CFC-D5DBCFA65C27}.Debug|x86.ActiveCfg = Debug|Win32
		{B1BABD07-D062-4970-9CFC-D5DBCFA65C27}.Debug|x86.Build.0 = Debug|Win32
		{B1BABD07-D062-4970-9CFC-D5DBCFA65C27}.Release|Any CPU.ActiveCfg = Release|Win32
		{B1BABD07-D062-4970-9CFC-D5DBCFA65C27}.Release|x64.ActiveCfg = Release|x64
		{B1BABD07-D062-4970-9CFC-D5DBCFA65C27}.Release|x64.Build.0 = Release|x64
		{B1BABD07-D062-4970-9CFC-D5DBCFA65C27}.Release|x86.ActiveCfg = Release|Win32
		{B1BABD07-D062-4970-9CFC-D5DBCFA65C27}.Release|x86.Build.0 = Release|Win32
	EndGlobalSection
	GlobalSection(SolutionProperties) = preSolution
		HideSolutionNode = FALSE
	EndGlobalSection
	GlobalSection(ExtensibilityGlobals) = postSolution
		SolutionGuid = {48C3A83E-6C13-4D05-A24D-ACF745F1D09E}
	EndGlobalSection
EndGlobal
